{
  "name": "bundled-deps",
  "version": "1.0.0",
  "lockfileVersion": 1,
  "requires": true,
  "dependencies": {
    "newrelic": {
      "version": "1.40.0",
      "resolved": "https://registry.npmjs.org/newrelic/-/newrelic-1.40.0.tgz",
      "integrity": "sha1-JUjfFMRB6/ydO465idE397aaHW8=",
      "requires": {
        "concat-stream": "1.6.0",
        "https-proxy-agent": "0.3.6",
        "json-stringify-safe": "5.0.1",
        "readable-stream": "1.1.14",
        "semver": "5.3.0"
      },
      "dependencies": {
        "concat-stream": {
          "version": "1.6.0",
          "bundled": true,
          "requires": {
            "inherits": "2.0.3",
            "readable-stream": "2.2.11",
            "typedarray": "0.0.6"
          },
          "dependencies": {
            "inherits": {
              "version": "2.0.3",
              "bundled": true
            },
            "readable-stream": {
              "version": "2.2.11",
              "bundled": true,
              "requires": {
                "core-util-is": "1.0.2",
                "inherits": "2.0.3",
                "isarray": "1.0.0",
                "process-nextick-args": "1.0.7",
                "safe-buffer": "5.0.1",
                "string_decoder": "1.0.2",
                "util-deprecate": "1.0.2"
              },
              "dependencies": {
                "core-util-is": {
                  "version": "1.0.2",
                  "bundled": true
                },
                "isarray": {
                  "version": "1.0.0",
                  "bundled": true
                },
                "process-nextick-args": {
                  "version": "1.0.7",
                  "bundled": true
                },
                "safe-buffer": {
                  "version": "5.0.1",
                  "bundled": true
                },
                "string_decoder": {
                  "version": "1.0.2",
                  "bundled": true,
                  "requires": {
                    "safe-buffer": "5.0.1"
                  }
                },
                "util-deprecate": {
                  "version": "1.0.2",
                  "bundled": true
                }
              }
            },
            "typedarray": {
              "version": "0.0.6",
              "bundled": true
            }
          }
        },
        "https-proxy-agent": {
          "version": "0.3.6",
          "bundled": true,
          "requires": {
            "agent-base": "1.0.2",
            "debug": "2.6.8",
            "extend": "3.0.1"
          },
          "dependencies": {
            "agent-base": {
              "version": "1.0.2",
              "bundled": true
            },
            "debug": {
              "version": "2.6.8",
              "bundled": true,
              "requires": {
                "ms": "2.0.0"
              },
              "dependencies": {
                "ms": {
                  "version": "2.0.0",
                  "bundled": true
                }
              }
            },
            "extend": {
              "version": "3.0.1",
              "bundled": true
            }
          }
        },
        "json-stringify-safe": {
          "version": "5.0.1",
          "bundled": true
        },
        "readable-stream": {
          "version": "1.1.14",
          "bundled": true,
          "requires": {
            "core-util-is": "1.0.2",
            "inherits": "2.0.3",
            "isarray": "0.0.1",
            "string_decoder": "0.10.31"
          },
          "dependencies": {
            "core-util-is": {
              "version": "1.0.2",
              "bundled": true
            },
            "inherits": {
              "version": "2.0.3",
              "bundled": true
            },
            "isarray": {
              "version": "0.0.1",
              "bundled": true
            },
            "string_decoder": {
              "version": "0.10.31",
              "bundled": true
            }
          }
        },
        "semver": {
          "version": "5.3.0",
          "bundled": true
        }
      }
    }
  }
}
