# THIS IS AN AUTOGENERATED FILE. DO NOT EDIT THIS FILE DIRECTLY.
# yarn lockfile v1


"@antongolub/empty-package@5.0.0":
  version "5.0.0"
  resolved "https://registry.yarnpkg.com/@antongolub/empty-package/-/empty-package-5.0.0.tgz#3d2f6cd142fec5469257060af29ace33e395bd7d"
  integrity sha1-PS9s0UL+xUaSVwYK8prOM+OVvX0=
  dependencies:
    "@antongolub/empty-package" "^4.0.1"

"@antongolub/empty-package@^1.0.0":
  version "1.0.0"
  resolved "https://registry.yarnpkg.com/@antongolub/empty-package/-/empty-package-1.0.0.tgz#90fd1d53fb98c60d4c59719e4fa80874303a7b11"
  integrity sha1-kP0dU/uYxg1MWXGeT6gIdDA6exE=

"@antongolub/empty-package@^2.0.0":
  version "2.1.0"
  resolved "https://registry.yarnpkg.com/@antongolub/empty-package/-/empty-package-2.1.0.tgz#2807b4162a1b6b352975218079f348c22dab5843"
  integrity sha1-KAe0FiobazUpdSGAefNIwi2rWEM=

"@antongolub/empty-package@^3.1.2":
  version "3.1.2"
  resolved "https://registry.yarnpkg.com/@antongolub/empty-package/-/empty-package-3.1.2.tgz#ecf4295356f6dabac9a793a10969a6559fc2adbb"
  integrity sha1-7PQpU1b22rrJp5OhCWmmVZ/Crbs=

"@antongolub/empty-package@^4.0.1":
  version "4.0.1"
  resolved "https://registry.yarnpkg.com/@antongolub/empty-package/-/empty-package-4.0.1.tgz#deeac69e65c71c694bc34144592bc3ac8ea45dd0"
  integrity sha1-3urGnmXHHGlLw0FEWSvDrI6kXdA=
  dependencies:
    "@antongolub/empty-package" "^3.1.2"

lodash@^4.17.20:
  version "4.17.20"
  resolved "https://registry.yarnpkg.com/lodash/-/lodash-4.17.20.tgz#b44a9b6297bcb698f1c51a3545a2b3b368d59c52"
  integrity sha1-tEqbYpe8tpjxxRo1RaKzs2jVnFI=
