{
  "name": "test-yarn-audit-fix",
  "version": "1.0.0",
  "lockfileVersion": 2,
  "requires": true,
  "packages": {
    "": {
      "name": "test-yarn-audit-fix",
      "version": "1.0.0",
      "license": "MIT",
      "workspaces": [
        "packages/*"
      ],
      "dependencies": {
        "lodash": "^3.0.0"
      }
    },
    "node_modules/bar": {
      "resolved": "packages/bar",
      "link": true
    },
    "node_modules/foo": {
      "resolved": "packages/foo",
      "link": true
    },
    "node_modules/lodash": {
      "version": "3.10.1",
      "resolved": "https://registry.yarnpkg.com/lodash/-/lodash-3.10.1.tgz",
      "integrity": "sha1-W/Rejkm6QYnhfUgnid/RW9FAt7Y=",
      "license": "MIT"
    },
    "packages/bar": {
      "version": "1.0.0",
      "license": "ISC",
      "dependencies": {
        "lodash": "4.17.0"
      },
      "dev": true
    },
    "packages/bar/node_modules/lodash": {
      "version": "4.17.0",
      "resolved": "https://registry.yarnpkg.com/lodash/-/lodash-4.17.0.tgz",
      "integrity": "sha1-k/RGblq3PlofEhbDTuoRU18KjfU=",
      "license": "MIT",
      "dev": true
    },
    "packages/foo": {
      "version": "1.0.0",
      "license": "ISC",
      "dependencies": {
        "bar": "^1.0.0",
        "lodash": "4.0.0"
      },
      "dev": true
    },
    "packages/foo/node_modules/lodash": {
      "version": "4.0.0",
      "resolved": "https://registry.yarnpkg.com/lodash/-/lodash-4.0.0.tgz",
      "integrity": "sha1-msQ4RMWV4o0wEIt7pYNwM5WSLfw=",
      "license": "MIT",
      "dev": true
    }
  },
  "dependencies": {
    "bar": {
      "version": "file:packages/bar",
      "dev": true,
      "requires": {
        "lodash": "4.17.0"
      },
      "dependencies": {
        "lodash": {
          "version": "4.17.0",
          "resolved": "https://registry.yarnpkg.com/lodash/-/lodash-4.17.0.tgz",
          "integrity": "sha1-k/RGblq3PlofEhbDTuoRU18KjfU=",
          "dev": true
        }
      }
    },
    "foo": {
      "version": "file:packages/foo",
      "dev": true,
      "requires": {
        "bar": "^1.0.0",
        "lodash": "4.0.0"
      },
      "dependencies": {
        "lodash": {
          "version": "4.0.0",
          "resolved": "https://registry.yarnpkg.com/lodash/-/lodash-4.0.0.tgz",
          "integrity": "sha1-msQ4RMWV4o0wEIt7pYNwM5WSLfw=",
          "dev": true
        }
      }
    },
    "lodash": {
      "version": "3.10.1",
      "resolved": "https://registry.yarnpkg.com/lodash/-/lodash-3.10.1.tgz",
      "integrity": "sha1-W/Rejkm6QYnhfUgnid/RW9FAt7Y="
    }
  }
}