# THIS IS AN AUTOGENERATED FILE. DO NOT EDIT THIS FILE DIRECTLY.
# yarn lockfile v1


"@semantic-release/npm@^7.0.0":
  version "7.0.5"
  resolved "https://registry.npmjs.org/@semantic-release/npm/-/npm-7.0.5.tgz#61c45691abb863f6939cca6aac958d3c22508632"
  integrity sha512-D+oEmsx9aHE1q806NFQwSC9KdBO8ri/VO99eEz0wWbX2jyLqVyWr7t0IjKC8aSnkkQswg/4KN/ZjfF6iz1XOpw==
