{
  "name": "single-root-dep",
  "version": "1.0.0",
  "lockfileVersion": 1,
  "requires": true,
  "dependencies": {
    "abab": {
      "version": "https://registry.npmjs.org/abab/-/abab-1.0.4.tgz",
      "integrity": "sha1-X6rZwsB/YN12dw9xzwJbYqY8/U4=",
      "requires": {
        "fake-dep": "https://registry.npmjs.org/fake-dep/-/fake-dep-2.1.14.tgz"
      }
    },
    "fake-dep": {
      "version": "https://registry.npmjs.org/fake-dep/-/fake-dep-2.1.14.tgz",
      "integrity": "sha1-9+99l1g/yvO30oK2+LVnnaselO4="
    }
  }
}
